// !$*UTF8*$!
{
	archiveVersion = 1;
	classes = {
	};
	objectVersion = 77;
	objects = {

/* Begin PBXBuildFile section */
		029EFBBC6C03682746E9BF01 /* TagChipView.swift in Sources */ = {isa = PBXBuildFile; fileRef = CCC7192719D8AE7D7A41D25A /* TagChipView.swift */; };
		132401693750A4EE2CA634A2 /* LaTeXEditorView.swift in Sources */ = {isa = PBXBuildFile; fileRef = EEF376A787154B308949BF18 /* LaTeXEditorView.swift */; };
		21F276D748AE085C4053D1A7 /* NoteListView.swift in Sources */ = {isa = PBXBuildFile; fileRef = 1C25715B1D8436A18447EC11 /* NoteListView.swift */; };
		28CC3473AC2F4B5876BD92AF /* katex.min.css in Resources */ = {isa = PBXBuildFile; fileRef = 1F3A8EEB6E46A6FFE2090A08 /* katex.min.css */; };
		315B55454E66FAC697C8E658 /* NoteCard.swift in Sources */ = {isa = PBXBuildFile; fileRef = 0C6A2B00271A095322C4963C /* NoteCard.swift */; };
		3D931C0B3EFC590C2A14A73E /* ThemeEnvironmentKey.swift in Sources */ = {isa = PBXBuildFile; fileRef = F7250D2C24C8224B82A457B7 /* ThemeEnvironmentKey.swift */; };
		54D9DFFF26BBEE7421C4E2DC /* Note.swift in Sources */ = {isa = PBXBuildFile; fileRef = EBE6EF7310DB216218C7A8F0 /* Note.swift */; };
		550AACACF2742106EAE80214 /* ModelTests.swift in Sources */ = {isa = PBXBuildFile; fileRef = F9F3A61C2AF0DC00D9B7ABEB /* ModelTests.swift */; };
		5744020299789B5BCA5842B7 /* FolderDetailView.swift in Sources */ = {isa = PBXBuildFile; fileRef = 5676CA4621F1BC9CA1F4E030 /* FolderDetailView.swift */; };
		58389A0823785A4A56608624 /* LAYTEKSApp.swift in Sources */ = {isa = PBXBuildFile; fileRef = A73EB7769278F53281DDFB4F /* LAYTEKSApp.swift */; };
		613CBE6CA935A6A764AA2092 /* katex.min.js in Resources */ = {isa = PBXBuildFile; fileRef = 7178354CE6E0E2B99F1BE786 /* katex.min.js */; };
		751A693AB45C238B10FF8730 /* LAYTEKSTests.swift in Sources */ = {isa = PBXBuildFile; fileRef = 077042E523147CD8C7D489D7 /* LAYTEKSTests.swift */; };
		780DAE7448C28089C8981B5A /* BrowseView.swift in Sources */ = {isa = PBXBuildFile; fileRef = 56B4C8065BFBAA8AFF689FCF /* BrowseView.swift */; };
		7ABB601CE7D2E0E993579E5F /* ContentView.swift in Sources */ = {isa = PBXBuildFile; fileRef = 15AC26629842E329C79ACF32 /* ContentView.swift */; };
		8C7856E6B8515C8812A4B8AA /* katex-render.html in Resources */ = {isa = PBXBuildFile; fileRef = 5FE1E49CA9153D8138855C79 /* katex-render.html */; };
		937F4C2E73AC646244C3634B /* KaTeXWebView.swift in Sources */ = {isa = PBXBuildFile; fileRef = 1401FF08FD60D0FE400B46E9 /* KaTeXWebView.swift */; };
		B5268F9B2AD1CADBCE08674C /* KaTeXEscapeTests.swift in Sources */ = {isa = PBXBuildFile; fileRef = F4C81535E412FC204C4050B7 /* KaTeXEscapeTests.swift */; };
		B61A0FF90AD3D3087663EF5E /* Tag.swift in Sources */ = {isa = PBXBuildFile; fileRef = 3F8F5AD1A64AFE6381BA1D68 /* Tag.swift */; };
		C71E432CEB1A9B113DF7C1CD /* fonts in Resources */ = {isa = PBXBuildFile; fileRef = 0CBBA14A91CC53444A84DEAB /* fonts */; };
		CA18CA53878B6A105DFE17E3 /* NoteEditorView.swift in Sources */ = {isa = PBXBuildFile; fileRef = 13B2AA6D2351E45875950969 /* NoteEditorView.swift */; };
		CF10BC566CABB1EEC0171657 /* AppTheme.swift in Sources */ = {isa = PBXBuildFile; fileRef = 9A66795393211867E6A17163 /* AppTheme.swift */; };
		DB1BB024E989A63271914653 /* SettingsView.swift in Sources */ = {isa = PBXBuildFile; fileRef = 56C9683B88C868D96AA6FCA2 /* SettingsView.swift */; };
		DBB72F4EA6F7C0EF587901A9 /* Folder.swift in Sources */ = {isa = PBXBuildFile; fileRef = 07033136EEDE886ED5316B06 /* Folder.swift */; };
		E33DFFDF64D483DBBE049475 /* FilterTests.swift in Sources */ = {isa = PBXBuildFile; fileRef = 4D609BB803AD71F0E37DC44E /* FilterTests.swift */; };
		F357BB3E935A2B894AEC395C /* FilterChipsView.swift in Sources */ = {isa = PBXBuildFile; fileRef = 93C899E766D9355FF2278374 /* FilterChipsView.swift */; };
		F3A8FB0704261E2AA5D14B27 /* TagDetailView.swift in Sources */ = {isa = PBXBuildFile; fileRef = 6963CF19DC5C9639D2EFB3D6 /* TagDetailView.swift */; };
/* End PBXBuildFile section */

/* Begin PBXContainerItemProxy section */
		7C3F90AAD4C378099DA10BEF /* PBXContainerItemProxy */ = {
			isa = PBXContainerItemProxy;
			containerPortal = 33E1355AEB00CAD5D81C696F /* Project object */;
			proxyType = 1;
			remoteGlobalIDString = 404F1935C7C537511DF87B4C;
			remoteInfo = LAYTEKS;
		};
/* End PBXContainerItemProxy section */

/* Begin PBXFileReference section */
		07033136EEDE886ED5316B06 /* Folder.swift */ = {isa = PBXFileReference; lastKnownFileType = sourcecode.swift; path = Folder.swift; sourceTree = "<group>"; };
		077042E523147CD8C7D489D7 /* LAYTEKSTests.swift */ = {isa = PBXFileReference; lastKnownFileType = sourcecode.swift; path = LAYTEKSTests.swift; sourceTree = "<group>"; };
		0C6A2B00271A095322C4963C /* NoteCard.swift */ = {isa = PBXFileReference; lastKnownFileType = sourcecode.swift; path = NoteCard.swift; sourceTree = "<group>"; };
		0CBBA14A91CC53444A84DEAB /* fonts */ = {isa = PBXFileReference; lastKnownFileType = folder; name = fonts; path = LAYTEKS/Rendering/fonts; sourceTree = SOURCE_ROOT; };
		13B2AA6D2351E45875950969 /* NoteEditorView.swift */ = {isa = PBXFileReference; lastKnownFileType = sourcecode.swift; path = NoteEditorView.swift; sourceTree = "<group>"; };
		1401FF08FD60D0FE400B46E9 /* KaTeXWebView.swift */ = {isa = PBXFileReference; lastKnownFileType = sourcecode.swift; path = KaTeXWebView.swift; sourceTree = "<group>"; };
		152E65298CBF9B9B83865FBC /* LAYTEKS.app */ = {isa = PBXFileReference; includeInIndex = 0; lastKnownFileType = wrapper.application; path = LAYTEKS.app; sourceTree = BUILT_PRODUCTS_DIR; };
		15AC26629842E329C79ACF32 /* ContentView.swift */ = {isa = PBXFileReference; lastKnownFileType = sourcecode.swift; path = ContentView.swift; sourceTree = "<group>"; };
		1C25715B1D8436A18447EC11 /* NoteListView.swift */ = {isa = PBXFileReference; lastKnownFileType = sourcecode.swift; path = NoteListView.swift; sourceTree = "<group>"; };
		1F3A8EEB6E46A6FFE2090A08 /* katex.min.css */ = {isa = PBXFileReference; lastKnownFileType = text.css; path = katex.min.css; sourceTree = "<group>"; };
		3F8F5AD1A64AFE6381BA1D68 /* Tag.swift */ = {isa = PBXFileReference; lastKnownFileType = sourcecode.swift; path = Tag.swift; sourceTree = "<group>"; };
		403A477C20E54510AE09A642 /* LAYTEKSTests.xctest */ = {isa = PBXFileReference; includeInIndex = 0; lastKnownFileType = wrapper.cfbundle; path = LAYTEKSTests.xctest; sourceTree = BUILT_PRODUCTS_DIR; };
		4D609BB803AD71F0E37DC44E /* FilterTests.swift */ = {isa = PBXFileReference; lastKnownFileType = sourcecode.swift; path = FilterTests.swift; sourceTree = "<group>"; };
		5676CA4621F1BC9CA1F4E030 /* FolderDetailView.swift */ = {isa = PBXFileReference; lastKnownFileType = sourcecode.swift; path = FolderDetailView.swift; sourceTree = "<group>"; };
		56B4C8065BFBAA8AFF689FCF /* BrowseView.swift */ = {isa = PBXFileReference; lastKnownFileType = sourcecode.swift; path = BrowseView.swift; sourceTree = "<group>"; };
		56C9683B88C868D96AA6FCA2 /* SettingsView.swift */ = {isa = PBXFileReference; lastKnownFileType = sourcecode.swift; path = SettingsView.swift; sourceTree = "<group>"; };
		5FE1E49CA9153D8138855C79 /* katex-render.html */ = {isa = PBXFileReference; lastKnownFileType = text.html; path = "katex-render.html"; sourceTree = "<group>"; };
		6963CF19DC5C9639D2EFB3D6 /* TagDetailView.swift */ = {isa = PBXFileReference; lastKnownFileType = sourcecode.swift; path = TagDetailView.swift; sourceTree = "<group>"; };
		7178354CE6E0E2B99F1BE786 /* katex.min.js */ = {isa = PBXFileReference; lastKnownFileType = sourcecode.javascript; path = katex.min.js; sourceTree = "<group>"; };
		93C899E766D9355FF2278374 /* FilterChipsView.swift */ = {isa = PBXFileReference; lastKnownFileType = sourcecode.swift; path = FilterChipsView.swift; sourceTree = "<group>"; };
		9A66795393211867E6A17163 /* AppTheme.swift */ = {isa = PBXFileReference; lastKnownFileType = sourcecode.swift; path = AppTheme.swift; sourceTree = "<group>"; };
		A73EB7769278F53281DDFB4F /* LAYTEKSApp.swift */ = {isa = PBXFileReference; lastKnownFileType = sourcecode.swift; path = LAYTEKSApp.swift; sourceTree = "<group>"; };
		CCC7192719D8AE7D7A41D25A /* TagChipView.swift */ = {isa = PBXFileReference; lastKnownFileType = sourcecode.swift; path = TagChipView.swift; sourceTree = "<group>"; };
		EBE6EF7310DB216218C7A8F0 /* Note.swift */ = {isa = PBXFileReference; lastKnownFileType = sourcecode.swift; path = Note.swift; sourceTree = "<group>"; };
		EEF376A787154B308949BF18 /* LaTeXEditorView.swift */ = {isa = PBXFileReference; lastKnownFileType = sourcecode.swift; path = LaTeXEditorView.swift; sourceTree = "<group>"; };
		F4C81535E412FC204C4050B7 /* KaTeXEscapeTests.swift */ = {isa = PBXFileReference; lastKnownFileType = sourcecode.swift; path = KaTeXEscapeTests.swift; sourceTree = "<group>"; };
		F7250D2C24C8224B82A457B7 /* ThemeEnvironmentKey.swift */ = {isa = PBXFileReference; lastKnownFileType = sourcecode.swift; path = ThemeEnvironmentKey.swift; sourceTree = "<group>"; };
		F77781B6CB7A280C31359DD4 /* Info.plist */ = {isa = PBXFileReference; lastKnownFileType = text.plist; path = Info.plist; sourceTree = "<group>"; };
		F9F3A61C2AF0DC00D9B7ABEB /* ModelTests.swift */ = {isa = PBXFileReference; lastKnownFileType = sourcecode.swift; path = ModelTests.swift; sourceTree = "<group>"; };
/* End PBXFileReference section */

/* Begin PBXGroup section */
		4B82F3496E9B71D4EFA7462C /* Browse */ = {
			isa = PBXGroup;
			children = (
				56B4C8065BFBAA8AFF689FCF /* BrowseView.swift */,
				5676CA4621F1BC9CA1F4E030 /* FolderDetailView.swift */,
				6963CF19DC5C9639D2EFB3D6 /* TagDetailView.swift */,
			);
			path = Browse;
			sourceTree = "<group>";
		};
		4E6C7425B1895E934B5E17B5 /* Rendering */ = {
			isa = PBXGroup;
			children = (
				0CBBA14A91CC53444A84DEAB /* fonts */,
				5FE1E49CA9153D8138855C79 /* katex-render.html */,
				1F3A8EEB6E46A6FFE2090A08 /* katex.min.css */,
				7178354CE6E0E2B99F1BE786 /* katex.min.js */,
				1401FF08FD60D0FE400B46E9 /* KaTeXWebView.swift */,
			);
			path = Rendering;
			sourceTree = "<group>";
		};
		57D9FFD8E2F0628AD4A09277 /* LAYTEKS */ = {
			isa = PBXGroup;
			children = (
				F77781B6CB7A280C31359DD4 /* Info.plist */,
				A73EB7769278F53281DDFB4F /* LAYTEKSApp.swift */,
				7109A75D1E8CCE6518939A64 /* Components */,
				7C9345BDABBE3792EC8A1161 /* Models */,
				4E6C7425B1895E934B5E17B5 /* Rendering */,
				75F40F2E78CD0E82B4E5FA24 /* Theme */,
				C9A2061C252FA6C204104A13 /* Views */,
			);
			path = LAYTEKS;
			sourceTree = "<group>";
		};
		7109A75D1E8CCE6518939A64 /* Components */ = {
			isa = PBXGroup;
			children = (
				93C899E766D9355FF2278374 /* FilterChipsView.swift */,
				EEF376A787154B308949BF18 /* LaTeXEditorView.swift */,
				CCC7192719D8AE7D7A41D25A /* TagChipView.swift */,
			);
			path = Components;
			sourceTree = "<group>";
		};
		75F40F2E78CD0E82B4E5FA24 /* Theme */ = {
			isa = PBXGroup;
			children = (
				9A66795393211867E6A17163 /* AppTheme.swift */,
				F7250D2C24C8224B82A457B7 /* ThemeEnvironmentKey.swift */,
			);
			path = Theme;
			sourceTree = "<group>";
		};
		7C9345BDABBE3792EC8A1161 /* Models */ = {
			isa = PBXGroup;
			children = (
				07033136EEDE886ED5316B06 /* Folder.swift */,
				EBE6EF7310DB216218C7A8F0 /* Note.swift */,
				3F8F5AD1A64AFE6381BA1D68 /* Tag.swift */,
			);
			path = Models;
			sourceTree = "<group>";
		};
		7EEB8111B9D4F6964FA52FE1 /* LAYTEKSTests */ = {
			isa = PBXGroup;
			children = (
				4D609BB803AD71F0E37DC44E /* FilterTests.swift */,
				F4C81535E412FC204C4050B7 /* KaTeXEscapeTests.swift */,
				077042E523147CD8C7D489D7 /* LAYTEKSTests.swift */,
				F9F3A61C2AF0DC00D9B7ABEB /* ModelTests.swift */,
			);
			path = LAYTEKSTests;
			sourceTree = "<group>";
		};
		86048A09B043AF2D1896EC2D /* Products */ = {
			isa = PBXGroup;
			children = (
				152E65298CBF9B9B83865FBC /* LAYTEKS.app */,
				403A477C20E54510AE09A642 /* LAYTEKSTests.xctest */,
			);
			name = Products;
			sourceTree = "<group>";
		};
		A08BB5D525017B6D51EB4D1C /* Settings */ = {
			isa = PBXGroup;
			children = (
				56C9683B88C868D96AA6FCA2 /* SettingsView.swift */,
			);
			path = Settings;
			sourceTree = "<group>";
		};
		C9A2061C252FA6C204104A13 /* Views */ = {
			isa = PBXGroup;
			children = (
				15AC26629842E329C79ACF32 /* ContentView.swift */,
				4B82F3496E9B71D4EFA7462C /* Browse */,
				FDD6793C0E9726B721DB050F /* Notes */,
				A08BB5D525017B6D51EB4D1C /* Settings */,
			);
			path = Views;
			sourceTree = "<group>";
		};
		D1A1064173CF4CA1ED078149 = {
			isa = PBXGroup;
			children = (
				57D9FFD8E2F0628AD4A09277 /* LAYTEKS */,
				7EEB8111B9D4F6964FA52FE1 /* LAYTEKSTests */,
				86048A09B043AF2D1896EC2D /* Products */,
			);
			sourceTree = "<group>";
		};
		FDD6793C0E9726B721DB050F /* Notes */ = {
			isa = PBXGroup;
			children = (
				0C6A2B00271A095322C4963C /* NoteCard.swift */,
				13B2AA6D2351E45875950969 /* NoteEditorView.swift */,
				1C25715B1D8436A18447EC11 /* NoteListView.swift */,
			);
			path = Notes;
			sourceTree = "<group>";
		};
/* End PBXGroup section */

/* Begin PBXNativeTarget section */
		404F1935C7C537511DF87B4C /* LAYTEKS */ = {
			isa = PBXNativeTarget;
			buildConfigurationList = 7C842E4FC0598B39527367A6 /* Build configuration list for PBXNativeTarget "LAYTEKS" */;
			buildPhases = (
				49E916DD5739E7A8844D1633 /* Sources */,
				49F6D6BFB8A1850DE9525B98 /* Resources */,
			);
			buildRules = (
			);
			dependencies = (
			);
			name = LAYTEKS;
			packageProductDependencies = (
			);
			productName = LAYTEKS;
			productReference = 152E65298CBF9B9B83865FBC /* LAYTEKS.app */;
			productType = "com.apple.product-type.application";
		};
		5E5803E6F486C29CFF6709AE /* LAYTEKSTests */ = {
			isa = PBXNativeTarget;
			buildConfigurationList = 419575F7B9AB698563541468 /* Build configuration list for PBXNativeTarget "LAYTEKSTests" */;
			buildPhases = (
				E96BA1B9372B63ABD00CDE3F /* Sources */,
			);
			buildRules = (
			);
			dependencies = (
				15B24C1BC069E4E98CE9766C /* PBXTargetDependency */,
			);
			name = LAYTEKSTests;
			packageProductDependencies = (
			);
			productName = LAYTEKSTests;
			productReference = 403A477C20E54510AE09A642 /* LAYTEKSTests.xctest */;
			productType = "com.apple.product-type.bundle.unit-test";
		};
/* End PBXNativeTarget section */

/* Begin PBXProject section */
		33E1355AEB00CAD5D81C696F /* Project object */ = {
			isa = PBXProject;
			attributes = {
				BuildIndependentTargetsInParallel = YES;
				LastUpgradeCheck = 2640;
				TargetAttributes = {
					404F1935C7C537511DF87B4C = {
						ProvisioningStyle = Automatic;
					};
				};
			};
			buildConfigurationList = 09DFF4FCEB1D2ACC8CC16B90 /* Build configuration list for PBXProject "LAYTEKS" */;
			developmentRegion = en;
			hasScannedForEncodings = 0;
			knownRegions = (
				Base,
				en,
			);
			mainGroup = D1A1064173CF4CA1ED078149;
			minimizedProjectReferenceProxies = 1;
			preferredProjectObjectVersion = 77;
			productRefGroup = 86048A09B043AF2D1896EC2D /* Products */;
			projectDirPath = "";
			projectRoot = "";
			targets = (
				404F1935C7C537511DF87B4C /* LAYTEKS */,
				5E5803E6F486C29CFF6709AE /* LAYTEKSTests */,
			);
		};
/* End PBXProject section */

/* Begin PBXResourcesBuildPhase section */
		49F6D6BFB8A1850DE9525B98 /* Resources */ = {
			isa = PBXResourcesBuildPhase;
			buildActionMask = 2147483647;
			files = (
				C71E432CEB1A9B113DF7C1CD /* fonts in Resources */,
				8C7856E6B8515C8812A4B8AA /* katex-render.html in Resources */,
				28CC3473AC2F4B5876BD92AF /* katex.min.css in Resources */,
				613CBE6CA935A6A764AA2092 /* katex.min.js in Resources */,
			);
			runOnlyForDeploymentPostprocessing = 0;
		};
/* End PBXResourcesBuildPhase section */

/* Begin PBXSourcesBuildPhase section */
		49E916DD5739E7A8844D1633 /* Sources */ = {
			isa = PBXSourcesBuildPhase;
			buildActionMask = 2147483647;
			files = (
				CF10BC566CABB1EEC0171657 /* AppTheme.swift in Sources */,
				780DAE7448C28089C8981B5A /* BrowseView.swift in Sources */,
				7ABB601CE7D2E0E993579E5F /* ContentView.swift in Sources */,
				F357BB3E935A2B894AEC395C /* FilterChipsView.swift in Sources */,
				DBB72F4EA6F7C0EF587901A9 /* Folder.swift in Sources */,
				5744020299789B5BCA5842B7 /* FolderDetailView.swift in Sources */,
				937F4C2E73AC646244C3634B /* KaTeXWebView.swift in Sources */,
				58389A0823785A4A56608624 /* LAYTEKSApp.swift in Sources */,
				132401693750A4EE2CA634A2 /* LaTeXEditorView.swift in Sources */,
				54D9DFFF26BBEE7421C4E2DC /* Note.swift in Sources */,
				315B55454E66FAC697C8E658 /* NoteCard.swift in Sources */,
				CA18CA53878B6A105DFE17E3 /* NoteEditorView.swift in Sources */,
				21F276D748AE085C4053D1A7 /* NoteListView.swift in Sources */,
				DB1BB024E989A63271914653 /* SettingsView.swift in Sources */,
				B61A0FF90AD3D3087663EF5E /* Tag.swift in Sources */,
				029EFBBC6C03682746E9BF01 /* TagChipView.swift in Sources */,
				F3A8FB0704261E2AA5D14B27 /* TagDetailView.swift in Sources */,
				3D931C0B3EFC590C2A14A73E /* ThemeEnvironmentKey.swift in Sources */,
			);
			runOnlyForDeploymentPostprocessing = 0;
		};
		E96BA1B9372B63ABD00CDE3F /* Sources */ = {
			isa = PBXSourcesBuildPhase;
			buildActionMask = 2147483647;
			files = (
				E33DFFDF64D483DBBE049475 /* FilterTests.swift in Sources */,
				B5268F9B2AD1CADBCE08674C /* KaTeXEscapeTests.swift in Sources */,
				751A693AB45C238B10FF8730 /* LAYTEKSTests.swift in Sources */,
				550AACACF2742106EAE80214 /* ModelTests.swift in Sources */,
			);
			runOnlyForDeploymentPostprocessing = 0;
		};
/* End PBXSourcesBuildPhase section */

/* Begin PBXTargetDependency section */
		15B24C1BC069E4E98CE9766C /* PBXTargetDependency */ = {
			isa = PBXTargetDependency;
			target = 404F1935C7C537511DF87B4C /* LAYTEKS */;
			targetProxy = 7C3F90AAD4C378099DA10BEF /* PBXContainerItemProxy */;
		};
/* End PBXTargetDependency section */

/* Begin XCBuildConfiguration section */
		18D4A0F8A59939417E694A0C /* Release */ = {
			isa = XCBuildConfiguration;
			buildSettings = {
				ASSETCATALOG_COMPILER_APPICON_NAME = AppIcon;
				CODE_SIGN_IDENTITY = "iPhone Developer";
				CODE_SIGN_STYLE = Automatic;
				INFOPLIST_FILE = LAYTEKS/Info.plist;
				IPHONEOS_DEPLOYMENT_TARGET = 26.0;
				LD_RUNPATH_SEARCH_PATHS = (
					"$(inherited)",
					"@executable_path/Frameworks",
				);
				PRODUCT_BUNDLE_IDENTIFIER = com.layteks.app;
				SDKROOT = iphoneos;
				SWIFT_VERSION = 5.10;
				TARGETED_DEVICE_FAMILY = "1,2";
			};
			name = Release;
		};
		68FAFE0E9FC5DE249B3377A3 /* Debug */ = {
			isa = XCBuildConfiguration;
			buildSettings = {
				BUNDLE_LOADER = "$(TEST_HOST)";
				GENERATE_INFOPLIST_FILE = YES;
				IPHONEOS_DEPLOYMENT_TARGET = 26.0;
				LD_RUNPATH_SEARCH_PATHS = (
					"$(inherited)",
					"@executable_path/Frameworks",
					"@loader_path/Frameworks",
				);
				PRODUCT_BUNDLE_IDENTIFIER = com.layteks.tests;
				SDKROOT = iphoneos;
				TARGETED_DEVICE_FAMILY = "1,2";
				TEST_HOST = "$(BUILT_PRODUCTS_DIR)/LAYTEKS.app/LAYTEKS";
			};
			name = Debug;
		};
		7AAB6832D4927AEA2EB937B9 /* Release */ = {
			isa = XCBuildConfiguration;
			buildSettings = {
				ALWAYS_SEARCH_USER_PATHS = NO;
				CLANG_ANALYZER_NONNULL = YES;
				CLANG_ANALYZER_NUMBER_OBJECT_CONVERSION = YES_AGGRESSIVE;
				CLANG_CXX_LANGUAGE_STANDARD = "gnu++14";
				CLANG_CXX_LIBRARY = "libc++";
				CLANG_ENABLE_MODULES = YES;
				CLANG_ENABLE_OBJC_ARC = YES;
				CLANG_ENABLE_OBJC_WEAK = YES;
				CLANG_WARN_BLOCK_CAPTURE_AUTORELEASING = YES;
				CLANG_WARN_BOOL_CONVERSION = YES;
				CLANG_WARN_COMMA = YES;
				CLANG_WARN_CONSTANT_CONVERSION = YES;
				CLANG_WARN_DEPRECATED_OBJC_IMPLEMENTATIONS = YES;
				CLANG_WARN_DIRECT_OBJC_ISA_USAGE = YES_ERROR;
				CLANG_WARN_DOCUMENTATION_COMMENTS = YES;
				CLANG_WARN_EMPTY_BODY = YES;
				CLANG_WARN_ENUM_CONVERSION = YES;
				CLANG_WARN_INFINITE_RECURSION = YES;
				CLANG_WARN_INT_CONVERSION = YES;
				CLANG_WARN_NON_LITERAL_NULL_CONVERSION = YES;
				CLANG_WARN_OBJC_IMPLICIT_RETAIN_SELF = YES;
				CLANG_WARN_OBJC_LITERAL_CONVERSION = YES;
				CLANG_WARN_OBJC_ROOT_CLASS = YES_ERROR;
				CLANG_WARN_QUOTED_INCLUDE_IN_FRAMEWORK_HEADER = YES;
				CLANG_WARN_RANGE_LOOP_ANALYSIS = YES;
				CLANG_WARN_STRICT_PROTOTYPES = YES;
				CLANG_WARN_SUSPICIOUS_MOVE = YES;
				CLANG_WARN_UNGUARDED_AVAILABILITY = YES_AGGRESSIVE;
				CLANG_WARN_UNREACHABLE_CODE = YES;
				CLANG_WARN__DUPLICATE_METHOD_MATCH = YES;
				COPY_PHASE_STRIP = NO;
				DEBUG_INFORMATION_FORMAT = "dwarf-with-dsym";
				ENABLE_NS_ASSERTIONS = NO;
				ENABLE_STRICT_OBJC_MSGSEND = YES;
				GCC_C_LANGUAGE_STANDARD = gnu11;
				GCC_NO_COMMON_BLOCKS = YES;
				GCC_WARN_64_TO_32_BIT_CONVERSION = YES;
				GCC_WARN_ABOUT_RETURN_TYPE = YES_ERROR;
				GCC_WARN_UNDECLARED_SELECTOR = YES;
				GCC_WARN_UNINITIALIZED_AUTOS = YES_AGGRESSIVE;
				GCC_WARN_UNUSED_FUNCTION = YES;
				GCC_WARN_UNUSED_VARIABLE = YES;
				IPHONEOS_DEPLOYMENT_TARGET = 26.0;
				MTL_ENABLE_DEBUG_INFO = NO;
				MTL_FAST_MATH = YES;
				PRODUCT_NAME = "$(TARGET_NAME)";
				SDKROOT = iphoneos;
				SWIFT_COMPILATION_MODE = wholemodule;
				SWIFT_OPTIMIZATION_LEVEL = "-O";
				SWIFT_VERSION = 5.10;
			};
			name = Release;
		};
		E04BED59F058237E6F0AA55B /* Release */ = {
			isa = XCBuildConfiguration;
			buildSettings = {
				BUNDLE_LOADER = "$(TEST_HOST)";
				GENERATE_INFOPLIST_FILE = YES;
				IPHONEOS_DEPLOYMENT_TARGET = 26.0;
				LD_RUNPATH_SEARCH_PATHS = (
					"$(inherited)",
					"@executable_path/Frameworks",
					"@loader_path/Frameworks",
				);
				PRODUCT_BUNDLE_IDENTIFIER = com.layteks.tests;
				SDKROOT = iphoneos;
				TARGETED_DEVICE_FAMILY = "1,2";
				TEST_HOST = "$(BUILT_PRODUCTS_DIR)/LAYTEKS.app/LAYTEKS";
			};
			name = Release;
		};
		E6FA09B4553873738A4B7031 /* Debug */ = {
			isa = XCBuildConfiguration;
			buildSettings = {
				ASSETCATALOG_COMPILER_APPICON_NAME = AppIcon;
				CODE_SIGN_IDENTITY = "iPhone Developer";
				CODE_SIGN_STYLE = Automatic;
				INFOPLIST_FILE = LAYTEKS/Info.plist;
				IPHONEOS_DEPLOYMENT_TARGET = 26.0;
				LD_RUNPATH_SEARCH_PATHS = (
					"$(inherited)",
					"@executable_path/Frameworks",
				);
				PRODUCT_BUNDLE_IDENTIFIER = com.layteks.app;
				SDKROOT = iphoneos;
				SWIFT_VERSION = 5.10;
				TARGETED_DEVICE_FAMILY = "1,2";
			};
			name = Debug;
		};
		F1C3142034425C74CAAD8FCD /* Debug */ = {
			isa = XCBuildConfiguration;
			buildSettings = {
				ALWAYS_SEARCH_USER_PATHS = NO;
				CLANG_ANALYZER_NONNULL = YES;
				CLANG_ANALYZER_NUMBER_OBJECT_CONVERSION = YES_AGGRESSIVE;
				CLANG_CXX_LANGUAGE_STANDARD = "gnu++14";
				CLANG_CXX_LIBRARY = "libc++";
				CLANG_ENABLE_MODULES = YES;
				CLANG_ENABLE_OBJC_ARC = YES;
				CLANG_ENABLE_OBJC_WEAK = YES;
				CLANG_WARN_BLOCK_CAPTURE_AUTORELEASING = YES;
				CLANG_WARN_BOOL_CONVERSION = YES;
				CLANG_WARN_COMMA = YES;
				CLANG_WARN_CONSTANT_CONVERSION = YES;
				CLANG_WARN_DEPRECATED_OBJC_IMPLEMENTATIONS = YES;
				CLANG_WARN_DIRECT_OBJC_ISA_USAGE = YES_ERROR;
				CLANG_WARN_DOCUMENTATION_COMMENTS = YES;
				CLANG_WARN_EMPTY_BODY = YES;
				CLANG_WARN_ENUM_CONVERSION = YES;
				CLANG_WARN_INFINITE_RECURSION = YES;
				CLANG_WARN_INT_CONVERSION = YES;
				CLANG_WARN_NON_LITERAL_NULL_CONVERSION = YES;
				CLANG_WARN_OBJC_IMPLICIT_RETAIN_SELF = YES;
				CLANG_WARN_OBJC_LITERAL_CONVERSION = YES;
				CLANG_WARN_OBJC_ROOT_CLASS = YES_ERROR;
				CLANG_WARN_QUOTED_INCLUDE_IN_FRAMEWORK_HEADER = YES;
				CLANG_WARN_RANGE_LOOP_ANALYSIS = YES;
				CLANG_WARN_STRICT_PROTOTYPES = YES;
				CLANG_WARN_SUSPICIOUS_MOVE = YES;
				CLANG_WARN_UNGUARDED_AVAILABILITY = YES_AGGRESSIVE;
				CLANG_WARN_UNREACHABLE_CODE = YES;
				CLANG_WARN__DUPLICATE_METHOD_MATCH = YES;
				COPY_PHASE_STRIP = NO;
				DEBUG_INFORMATION_FORMAT = dwarf;
				ENABLE_STRICT_OBJC_MSGSEND = YES;
				ENABLE_TESTABILITY = YES;
				GCC_C_LANGUAGE_STANDARD = gnu11;
				GCC_DYNAMIC_NO_PIC = NO;
				GCC_NO_COMMON_BLOCKS = YES;
				GCC_OPTIMIZATION_LEVEL = 0;
				GCC_PREPROCESSOR_DEFINITIONS = (
					"$(inherited)",
					"DEBUG=1",
				);
				GCC_WARN_64_TO_32_BIT_CONVERSION = YES;
				GCC_WARN_ABOUT_RETURN_TYPE = YES_ERROR;
				GCC_WARN_UNDECLARED_SELECTOR = YES;
				GCC_WARN_UNINITIALIZED_AUTOS = YES_AGGRESSIVE;
				GCC_WARN_UNUSED_FUNCTION = YES;
				GCC_WARN_UNUSED_VARIABLE = YES;
				IPHONEOS_DEPLOYMENT_TARGET = 26.0;
				MTL_ENABLE_DEBUG_INFO = INCLUDE_SOURCE;
				MTL_FAST_MATH = YES;
				ONLY_ACTIVE_ARCH = YES;
				PRODUCT_NAME = "$(TARGET_NAME)";
				SDKROOT = iphoneos;
				SWIFT_ACTIVE_COMPILATION_CONDITIONS = DEBUG;
				SWIFT_OPTIMIZATION_LEVEL = "-Onone";
				SWIFT_VERSION = 5.10;
			};
			name = Debug;
		};
/* End XCBuildConfiguration section */

/* Begin XCConfigurationList section */
		09DFF4FCEB1D2ACC8CC16B90 /* Build configuration list for PBXProject "LAYTEKS" */ = {
			isa = XCConfigurationList;
			buildConfigurations = (
				F1C3142034425C74CAAD8FCD /* Debug */,
				7AAB6832D4927AEA2EB937B9 /* Release */,
			);
			defaultConfigurationIsVisible = 0;
			defaultConfigurationName = Debug;
		};
		419575F7B9AB698563541468 /* Build configuration list for PBXNativeTarget "LAYTEKSTests" */ = {
			isa = XCConfigurationList;
			buildConfigurations = (
				68FAFE0E9FC5DE249B3377A3 /* Debug */,
				E04BED59F058237E6F0AA55B /* Release */,
			);
			defaultConfigurationIsVisible = 0;
			defaultConfigurationName = Debug;
		};
		7C842E4FC0598B39527367A6 /* Build configuration list for PBXNativeTarget "LAYTEKS" */ = {
			isa = XCConfigurationList;
			buildConfigurations = (
				E6FA09B4553873738A4B7031 /* Debug */,
				18D4A0F8A59939417E694A0C /* Release */,
			);
			defaultConfigurationIsVisible = 0;
			defaultConfigurationName = Debug;
		};
/* End XCConfigurationList section */
	};
	rootObject = 33E1355AEB00CAD5D81C696F /* Project object */;
}
